// !$*UTF8*$!
{
	archiveVersion = 1;
	classes = {
	};
	objectVersion = 56;
	objects = {

/* Begin PBXBuildFile section */
		4534A0812AEBC4AC00F8D7BD /* EmojiArtApp.swift in Sources */ = {isa = PBXBuildFile; fileRef = 4534A0802AEBC4AC00F8D7BD /* EmojiArtApp.swift */; };
		4534A0832AEBC4AC00F8D7BD /* EmojiArtDocumentView.swift in Sources */ = {isa = PBXBuildFile; fileRef = 4534A0822AEBC4AC00F8D7BD /* EmojiArtDocumentView.swift */; };
		4534A0852AEBC4AC00F8D7BD /* Assets.xcassets in Resources */ = {isa = PBXBuildFile; fileRef = 4534A0842AEBC4AC00F8D7BD /* Assets.xcassets */; };
		4534A0892AEBC4AD00F8D7BD /* Preview Assets.xcassets in Resources */ = {isa = PBXBuildFile; fileRef = 4534A0882AEBC4AD00F8D7BD /* Preview Assets.xcassets */; };
		4534A0932AEBC4AD00F8D7BD /* Drag_and_Drop_Emoji_artTests.swift in Sources */ = {isa = PBXBuildFile; fileRef = 4534A0922AEBC4AD00F8D7BD /* Drag_and_Drop_Emoji_artTests.swift */; };
		4534A09D2AEBC4AD00F8D7BD /* Drag_and_Drop_Emoji_artUITests.swift in Sources */ = {isa = PBXBuildFile; fileRef = 4534A09C2AEBC4AD00F8D7BD /* Drag_and_Drop_Emoji_artUITests.swift */; };
		4534A09F2AEBC4AD00F8D7BD /* Drag_and_Drop_Emoji_artUITestsLaunchTests.swift in Sources */ = {isa = PBXBuildFile; fileRef = 4534A09E2AEBC4AD00F8D7BD /* Drag_and_Drop_Emoji_artUITestsLaunchTests.swift */; };
		4534A0AC2AEBC53F00F8D7BD /* EmojiArtModel.swift in Sources */ = {isa = PBXBuildFile; fileRef = 4534A0AB2AEBC53F00F8D7BD /* EmojiArtModel.swift */; };
		4534A0AE2AEBC74700F8D7BD /* EmojiArtModel.BackgroundModel.swift in Sources */ = {isa = PBXBuildFile; fileRef = 4534A0AD2AEBC74700F8D7BD /* EmojiArtModel.BackgroundModel.swift */; };
		4534A0B02AEBC86C00F8D7BD /* EmojiArtDocument.swift in Sources */ = {isa = PBXBuildFile; fileRef = 4534A0AF2AEBC86C00F8D7BD /* EmojiArtDocument.swift */; };
		4534A0B22AEBCEA100F8D7BD /* EmojiArtUtilityExtensions.swift in Sources */ = {isa = PBXBuildFile; fileRef = 4534A0B12AEBCEA100F8D7BD /* EmojiArtUtilityExtensions.swift */; };
		4534A0B82AEC03C300F8D7BD /* EmojiArtUtilityViews.swift in Sources */ = {isa = PBXBuildFile; fileRef = 4534A0B72AEC03C300F8D7BD /* EmojiArtUtilityViews.swift */; };
		4534A0BA2AEDC30A00F8D7BD /* PaletteStore.swift in Sources */ = {isa = PBXBuildFile; fileRef = 4534A0B92AEDC30A00F8D7BD /* PaletteStore.swift */; };
/* End PBXBuildFile section */

/* Begin PBXContainerItemProxy section */
		4534A08F2AEBC4AD00F8D7BD /* PBXContainerItemProxy */ = {
			isa = PBXContainerItemProxy;
			containerPortal = 4534A0752AEBC4AC00F8D7BD /* Project object */;
			proxyType = 1;
			remoteGlobalIDString = 4534A07C2AEBC4AC00F8D7BD;
			remoteInfo = "Drag and Drop Emoji art";
		};
		4534A0992AEBC4AD00F8D7BD /* PBXContainerItemProxy */ = {
			isa = PBXContainerItemProxy;
			containerPortal = 4534A0752AEBC4AC00F8D7BD /* Project object */;
			proxyType = 1;
			remoteGlobalIDString = 4534A07C2AEBC4AC00F8D7BD;
			remoteInfo = "Drag and Drop Emoji art";
		};
/* End PBXContainerItemProxy section */

/* Begin PBXFileReference section */
		4534A07D2AEBC4AC00F8D7BD /* Drag and Drop Emoji art.app */ = {isa = PBXFileReference; explicitFileType = wrapper.application; includeInIndex = 0; path = "Drag and Drop Emoji art.app"; sourceTree = BUILT_PRODUCTS_DIR; };
		4534A0802AEBC4AC00F8D7BD /* EmojiArtApp.swift */ = {isa = PBXFileReference; lastKnownFileType = sourcecode.swift; path = EmojiArtApp.swift; sourceTree = "<group>"; };
		4534A0822AEBC4AC00F8D7BD /* EmojiArtDocumentView.swift */ = {isa = PBXFileReference; lastKnownFileType = sourcecode.swift; path = EmojiArtDocumentView.swift; sourceTree = "<group>"; };
		4534A0842AEBC4AC00F8D7BD /* Assets.xcassets */ = {isa = PBXFileReference; lastKnownFileType = folder.assetcatalog; path = Assets.xcassets; sourceTree = "<group>"; };
		4534A0862AEBC4AD00F8D7BD /* Drag_and_Drop_Emoji_art.entitlements */ = {isa = PBXFileReference; lastKnownFileType = text.plist.entitlements; path = Drag_and_Drop_Emoji_art.entitlements; sourceTree = "<group>"; };
		4534A0882AEBC4AD00F8D7BD /* Preview Assets.xcassets */ = {isa = PBXFileReference; lastKnownFileType = folder.assetcatalog; path = "Preview Assets.xcassets"; sourceTree = "<group>"; };
		4534A08E2AEBC4AD00F8D7BD /* Drag and Drop Emoji artTests.xctest */ = {isa = PBXFileReference; explicitFileType = wrapper.cfbundle; includeInIndex = 0; path = "Drag and Drop Emoji artTests.xctest"; sourceTree = BUILT_PRODUCTS_DIR; };
		4534A0922AEBC4AD00F8D7BD /* Drag_and_Drop_Emoji_artTests.swift */ = {isa = PBXFileReference; lastKnownFileType = sourcecode.swift; path = Drag_and_Drop_Emoji_artTests.swift; sourceTree = "<group>"; };
		4534A0982AEBC4AD00F8D7BD /* Drag and Drop Emoji artUITests.xctest */ = {isa = PBXFileReference; explicitFileType = wrapper.cfbundle; includeInIndex = 0; path = "Drag and Drop Emoji artUITests.xctest"; sourceTree = BUILT_PRODUCTS_DIR; };
		4534A09C2AEBC4AD00F8D7BD /* Drag_and_Drop_Emoji_artUITests.swift */ = {isa = PBXFileReference; lastKnownFileType = sourcecode.swift; path = Drag_and_Drop_Emoji_artUITests.swift; sourceTree = "<group>"; };
		4534A09E2AEBC4AD00F8D7BD /* Drag_and_Drop_Emoji_artUITestsLaunchTests.swift */ = {isa = PBXFileReference; lastKnownFileType = sourcecode.swift; path = Drag_and_Drop_Emoji_artUITestsLaunchTests.swift; sourceTree = "<group>"; };
		4534A0AB2AEBC53F00F8D7BD /* EmojiArtModel.swift */ = {isa = PBXFileReference; lastKnownFileType = sourcecode.swift; path = EmojiArtModel.swift; sourceTree = "<group>"; };
		4534A0AD2AEBC74700F8D7BD /* EmojiArtModel.BackgroundModel.swift */ = {isa = PBXFileReference; lastKnownFileType = sourcecode.swift; path = EmojiArtModel.BackgroundModel.swift; sourceTree = "<group>"; };
		4534A0AF2AEBC86C00F8D7BD /* EmojiArtDocument.swift */ = {isa = PBXFileReference; lastKnownFileType = sourcecode.swift; path = EmojiArtDocument.swift; sourceTree = "<group>"; };
		4534A0B12AEBCEA100F8D7BD /* EmojiArtUtilityExtensions.swift */ = {isa = PBXFileReference; lastKnownFileType = sourcecode.swift; path = EmojiArtUtilityExtensions.swift; sourceTree = "<group>"; };
		4534A0B72AEC03C300F8D7BD /* EmojiArtUtilityViews.swift */ = {isa = PBXFileReference; lastKnownFileType = sourcecode.swift; path = EmojiArtUtilityViews.swift; sourceTree = "<group>"; };
		4534A0B92AEDC30A00F8D7BD /* PaletteStore.swift */ = {isa = PBXFileReference; lastKnownFileType = sourcecode.swift; path = PaletteStore.swift; sourceTree = "<group>"; };
/* End PBXFileReference section */

/* Begin PBXFrameworksBuildPhase section */
		4534A07A2AEBC4AC00F8D7BD /* Frameworks */ = {
			isa = PBXFrameworksBuildPhase;
			buildActionMask = 2147483647;
			files = (
			);
			runOnlyForDeploymentPostprocessing = 0;
		};
		4534A08B2AEBC4AD00F8D7BD /* Frameworks */ = {
			isa = PBXFrameworksBuildPhase;
			buildActionMask = 2147483647;
			files = (
			);
			runOnlyForDeploymentPostprocessing = 0;
		};
		4534A0952AEBC4AD00F8D7BD /* Frameworks */ = {
			isa = PBXFrameworksBuildPhase;
			buildActionMask = 2147483647;
			files = (
			);
			runOnlyForDeploymentPostprocessing = 0;
		};
/* End PBXFrameworksBuildPhase section */

/* Begin PBXGroup section */
		4534A0742AEBC4AC00F8D7BD = {
			isa = PBXGroup;
			children = (
				4534A07F2AEBC4AC00F8D7BD /* Drag and Drop Emoji art */,
				4534A0912AEBC4AD00F8D7BD /* Drag and Drop Emoji artTests */,
				4534A09B2AEBC4AD00F8D7BD /* Drag and Drop Emoji artUITests */,
				4534A07E2AEBC4AC00F8D7BD /* Products */,
			);
			sourceTree = "<group>";
		};
		4534A07E2AEBC4AC00F8D7BD /* Products */ = {
			isa = PBXGroup;
			children = (
				4534A07D2AEBC4AC00F8D7BD /* Drag and Drop Emoji art.app */,
				4534A08E2AEBC4AD00F8D7BD /* Drag and Drop Emoji artTests.xctest */,
				4534A0982AEBC4AD00F8D7BD /* Drag and Drop Emoji artUITests.xctest */,
			);
			name = Products;
			sourceTree = "<group>";
		};
		4534A07F2AEBC4AC00F8D7BD /* Drag and Drop Emoji art */ = {
			isa = PBXGroup;
			children = (
				4534A0802AEBC4AC00F8D7BD /* EmojiArtApp.swift */,
				4534A0822AEBC4AC00F8D7BD /* EmojiArtDocumentView.swift */,
				4534A0842AEBC4AC00F8D7BD /* Assets.xcassets */,
				4534A0862AEBC4AD00F8D7BD /* Drag_and_Drop_Emoji_art.entitlements */,
				4534A0872AEBC4AD00F8D7BD /* Preview Content */,
				4534A0AB2AEBC53F00F8D7BD /* EmojiArtModel.swift */,
				4534A0AF2AEBC86C00F8D7BD /* EmojiArtDocument.swift */,
				4534A0B92AEDC30A00F8D7BD /* PaletteStore.swift */,
				4534A0B12AEBCEA100F8D7BD /* EmojiArtUtilityExtensions.swift */,
				4534A0B72AEC03C300F8D7BD /* EmojiArtUtilityViews.swift */,
				4534A0AD2AEBC74700F8D7BD /* EmojiArtModel.BackgroundModel.swift */,
			);
			path = "Drag and Drop Emoji art";
			sourceTree = "<group>";
		};
		4534A0872AEBC4AD00F8D7BD /* Preview Content */ = {
			isa = PBXGroup;
			children = (
				4534A0882AEBC4AD00F8D7BD /* Preview Assets.xcassets */,
			);
			path = "Preview Content";
			sourceTree = "<group>";
		};
		4534A0912AEBC4AD00F8D7BD /* Drag and Drop Emoji artTests */ = {
			isa = PBXGroup;
			children = (
				4534A0922AEBC4AD00F8D7BD /* Drag_and_Drop_Emoji_artTests.swift */,
			);
			path = "Drag and Drop Emoji artTests";
			sourceTree = "<group>";
		};
		4534A09B2AEBC4AD00F8D7BD /* Drag and Drop Emoji artUITests */ = {
			isa = PBXGroup;
			children = (
				4534A09C2AEBC4AD00F8D7BD /* Drag_and_Drop_Emoji_artUITests.swift */,
				4534A09E2AEBC4AD00F8D7BD /* Drag_and_Drop_Emoji_artUITestsLaunchTests.swift */,
			);
			path = "Drag and Drop Emoji artUITests";
			sourceTree = "<group>";
		};
/* End PBXGroup section */

/* Begin PBXNativeTarget section */
		4534A07C2AEBC4AC00F8D7BD /* Drag and Drop Emoji art */ = {
			isa = PBXNativeTarget;
			buildConfigurationList = 4534A0A22AEBC4AD00F8D7BD /* Build configuration list for PBXNativeTarget "Drag and Drop Emoji art" */;
			buildPhases = (
				4534A0792AEBC4AC00F8D7BD /* Sources */,
				4534A07A2AEBC4AC00F8D7BD /* Frameworks */,
				4534A07B2AEBC4AC00F8D7BD /* Resources */,
			);
			buildRules = (
			);
			dependencies = (
			);
			name = "Drag and Drop Emoji art";
			productName = "Drag and Drop Emoji art";
			productReference = 4534A07D2AEBC4AC00F8D7BD /* Drag and Drop Emoji art.app */;
			productType = "com.apple.product-type.application";
		};
		4534A08D2AEBC4AD00F8D7BD /* Drag and Drop Emoji artTests */ = {
			isa = PBXNativeTarget;
			buildConfigurationList = 4534A0A52AEBC4AD00F8D7BD /* Build configuration list for PBXNativeTarget "Drag and Drop Emoji artTests" */;
			buildPhases = (
				4534A08A2AEBC4AD00F8D7BD /* Sources */,
				4534A08B2AEBC4AD00F8D7BD /* Frameworks */,
				4534A08C2AEBC4AD00F8D7BD /* Resources */,
			);
			buildRules = (
			);
			dependencies = (
				4534A0902AEBC4AD00F8D7BD /* PBXTargetDependency */,
			);
			name = "Drag and Drop Emoji artTests";
			productName = "Drag and Drop Emoji artTests";
			productReference = 4534A08E2AEBC4AD00F8D7BD /* Drag and Drop Emoji artTests.xctest */;
			productType = "com.apple.product-type.bundle.unit-test";
		};
		4534A0972AEBC4AD00F8D7BD /* Drag and Drop Emoji artUITests */ = {
			isa = PBXNativeTarget;
			buildConfigurationList = 4534A0A82AEBC4AD00F8D7BD /* Build configuration list for PBXNativeTarget "Drag and Drop Emoji artUITests" */;
			buildPhases = (
				4534A0942AEBC4AD00F8D7BD /* Sources */,
				4534A0952AEBC4AD00F8D7BD /* Frameworks */,
				4534A0962AEBC4AD00F8D7BD /* Resources */,
			);
			buildRules = (
			);
			dependencies = (
				4534A09A2AEBC4AD00F8D7BD /* PBXTargetDependency */,
			);
			name = "Drag and Drop Emoji artUITests";
			productName = "Drag and Drop Emoji artUITests";
			productReference = 4534A0982AEBC4AD00F8D7BD /* Drag and Drop Emoji artUITests.xctest */;
			productType = "com.apple.product-type.bundle.ui-testing";
		};
/* End PBXNativeTarget section */

/* Begin PBXProject section */
		4534A0752AEBC4AC00F8D7BD /* Project object */ = {
			isa = PBXProject;
			attributes = {
				BuildIndependentTargetsInParallel = 1;
				LastSwiftUpdateCheck = 1430;
				LastUpgradeCheck = 1430;
				TargetAttributes = {
					4534A07C2AEBC4AC00F8D7BD = {
						CreatedOnToolsVersion = 14.3.1;
					};
					4534A08D2AEBC4AD00F8D7BD = {
						CreatedOnToolsVersion = 14.3.1;
						TestTargetID = 4534A07C2AEBC4AC00F8D7BD;
					};
					4534A0972AEBC4AD00F8D7BD = {
						CreatedOnToolsVersion = 14.3.1;
						TestTargetID = 4534A07C2AEBC4AC00F8D7BD;
					};
				};
			};
			buildConfigurationList = 4534A0782AEBC4AC00F8D7BD /* Build configuration list for PBXProject "Drag and Drop Emoji art" */;
			compatibilityVersion = "Xcode 14.0";
			developmentRegion = en;
			hasScannedForEncodings = 0;
			knownRegions = (
				en,
				Base,
			);
			mainGroup = 4534A0742AEBC4AC00F8D7BD;
			productRefGroup = 4534A07E2AEBC4AC00F8D7BD /* Products */;
			projectDirPath = "";
			projectRoot = "";
			targets = (
				4534A07C2AEBC4AC00F8D7BD /* Drag and Drop Emoji art */,
				4534A08D2AEBC4AD00F8D7BD /* Drag and Drop Emoji artTests */,
				4534A0972AEBC4AD00F8D7BD /* Drag and Drop Emoji artUITests */,
			);
		};
/* End PBXProject section */

/* Begin PBXResourcesBuildPhase section */
		4534A07B2AEBC4AC00F8D7BD /* Resources */ = {
			isa = PBXResourcesBuildPhase;
			buildActionMask = 2147483647;
			files = (
				4534A0892AEBC4AD00F8D7BD /* Preview Assets.xcassets in Resources */,
				4534A0852AEBC4AC00F8D7BD /* Assets.xcassets in Resources */,
			);
			runOnlyForDeploymentPostprocessing = 0;
		};
		4534A08C2AEBC4AD00F8D7BD /* Resources */ = {
			isa = PBXResourcesBuildPhase;
			buildActionMask = 2147483647;
			files = (
			);
			runOnlyForDeploymentPostprocessing = 0;
		};
		4534A0962AEBC4AD00F8D7BD /* Resources */ = {
			isa = PBXResourcesBuildPhase;
			buildActionMask = 2147483647;
			files = (
			);
			runOnlyForDeploymentPostprocessing = 0;
		};
/* End PBXResourcesBuildPhase section */

/* Begin PBXSourcesBuildPhase section */
		4534A0792AEBC4AC00F8D7BD /* Sources */ = {
			isa = PBXSourcesBuildPhase;
			buildActionMask = 2147483647;
			files = (
				4534A0832AEBC4AC00F8D7BD /* EmojiArtDocumentView.swift in Sources */,
				4534A0BA2AEDC30A00F8D7BD /* PaletteStore.swift in Sources */,
				4534A0AE2AEBC74700F8D7BD /* EmojiArtModel.BackgroundModel.swift in Sources */,
				4534A0B02AEBC86C00F8D7BD /* EmojiArtDocument.swift in Sources */,
				4534A0B22AEBCEA100F8D7BD /* EmojiArtUtilityExtensions.swift in Sources */,
				4534A0812AEBC4AC00F8D7BD /* EmojiArtApp.swift in Sources */,
				4534A0B82AEC03C300F8D7BD /* EmojiArtUtilityViews.swift in Sources */,
				4534A0AC2AEBC53F00F8D7BD /* EmojiArtModel.swift in Sources */,
			);
			runOnlyForDeploymentPostprocessing = 0;
		};
		4534A08A2AEBC4AD00F8D7BD /* Sources */ = {
			isa = PBXSourcesBuildPhase;
			buildActionMask = 2147483647;
			files = (
				4534A0932AEBC4AD00F8D7BD /* Drag_and_Drop_Emoji_artTests.swift in Sources */,
			);
			runOnlyForDeploymentPostprocessing = 0;
		};
		4534A0942AEBC4AD00F8D7BD /* Sources */ = {
			isa = PBXSourcesBuildPhase;
			buildActionMask = 2147483647;
			files = (
				4534A09F2AEBC4AD00F8D7BD /* Drag_and_Drop_Emoji_artUITestsLaunchTests.swift in Sources */,
				4534A09D2AEBC4AD00F8D7BD /* Drag_and_Drop_Emoji_artUITests.swift in Sources */,
			);
			runOnlyForDeploymentPostprocessing = 0;
		};
/* End PBXSourcesBuildPhase section */

/* Begin PBXTargetDependency section */
		4534A0902AEBC4AD00F8D7BD /* PBXTargetDependency */ = {
			isa = PBXTargetDependency;
			target = 4534A07C2AEBC4AC00F8D7BD /* Drag and Drop Emoji art */;
			targetProxy = 4534A08F2AEBC4AD00F8D7BD /* PBXContainerItemProxy */;
		};
		4534A09A2AEBC4AD00F8D7BD /* PBXTargetDependency */ = {
			isa = PBXTargetDependency;
			target = 4534A07C2AEBC4AC00F8D7BD /* Drag and Drop Emoji art */;
			targetProxy = 4534A0992AEBC4AD00F8D7BD /* PBXContainerItemProxy */;
		};
/* End PBXTargetDependency section */

/* Begin XCBuildConfiguration section */
		4534A0A02AEBC4AD00F8D7BD /* Debug */ = {
			isa = XCBuildConfiguration;
			buildSettings = {
				ALWAYS_SEARCH_USER_PATHS = NO;
				CLANG_ANALYZER_NONNULL = YES;
				CLANG_ANALYZER_NUMBER_OBJECT_CONVERSION = YES_AGGRESSIVE;
				CLANG_CXX_LANGUAGE_STANDARD = "gnu++20";
				CLANG_ENABLE_MODULES = YES;
				CLANG_ENABLE_OBJC_ARC = YES;
				CLANG_ENABLE_OBJC_WEAK = YES;
				CLANG_WARN_BLOCK_CAPTURE_AUTORELEASING = YES;
				CLANG_WARN_BOOL_CONVERSION = YES;
				CLANG_WARN_COMMA = YES;
				CLANG_WARN_CONSTANT_CONVERSION = YES;
				CLANG_WARN_DEPRECATED_OBJC_IMPLEMENTATIONS = YES;
				CLANG_WARN_DIRECT_OBJC_ISA_USAGE = YES_ERROR;
				CLANG_WARN_DOCUMENTATION_COMMENTS = YES;
				CLANG_WARN_EMPTY_BODY = YES;
				CLANG_WARN_ENUM_CONVERSION = YES;
				CLANG_WARN_INFINITE_RECURSION = YES;
				CLANG_WARN_INT_CONVERSION = YES;
				CLANG_WARN_NON_LITERAL_NULL_CONVERSION = YES;
				CLANG_WARN_OBJC_IMPLICIT_RETAIN_SELF = YES;
				CLANG_WARN_OBJC_LITERAL_CONVERSION = YES;
				CLANG_WARN_OBJC_ROOT_CLASS = YES_ERROR;
				CLANG_WARN_QUOTED_INCLUDE_IN_FRAMEWORK_HEADER = YES;
				CLANG_WARN_RANGE_LOOP_ANALYSIS = YES;
				CLANG_WARN_STRICT_PROTOTYPES = YES;
				CLANG_WARN_SUSPICIOUS_MOVE = YES;
				CLANG_WARN_UNGUARDED_AVAILABILITY = YES_AGGRESSIVE;
				CLANG_WARN_UNREACHABLE_CODE = YES;
				CLANG_WARN__DUPLICATE_METHOD_MATCH = YES;
				COPY_PHASE_STRIP = NO;
				DEBUG_INFORMATION_FORMAT = dwarf;
				ENABLE_STRICT_OBJC_MSGSEND = YES;
				ENABLE_TESTABILITY = YES;
				GCC_C_LANGUAGE_STANDARD = gnu11;
				GCC_DYNAMIC_NO_PIC = NO;
				GCC_NO_COMMON_BLOCKS = YES;
				GCC_OPTIMIZATION_LEVEL = 0;
				GCC_PREPROCESSOR_DEFINITIONS = (
					"DEBUG=1",
					"$(inherited)",
				);
				GCC_WARN_64_TO_32_BIT_CONVERSION = YES;
				GCC_WARN_ABOUT_RETURN_TYPE = YES_ERROR;
				GCC_WARN_UNDECLARED_SELECTOR = YES;
				GCC_WARN_UNINITIALIZED_AUTOS = YES_AGGRESSIVE;
				GCC_WARN_UNUSED_FUNCTION = YES;
				GCC_WARN_UNUSED_VARIABLE = YES;
				MTL_ENABLE_DEBUG_INFO = INCLUDE_SOURCE;
				MTL_FAST_MATH = YES;
				ONLY_ACTIVE_ARCH = YES;
				SWIFT_ACTIVE_COMPILATION_CONDITIONS = DEBUG;
				SWIFT_OPTIMIZATION_LEVEL = "-Onone";
			};
			name = Debug;
		};
		4534A0A12AEBC4AD00F8D7BD /* Release */ = {
			isa = XCBuildConfiguration;
			buildSettings = {
				ALWAYS_SEARCH_USER_PATHS = NO;
				CLANG_ANALYZER_NONNULL = YES;
				CLANG_ANALYZER_NUMBER_OBJECT_CONVERSION = YES_AGGRESSIVE;
				CLANG_CXX_LANGUAGE_STANDARD = "gnu++20";
				CLANG_ENABLE_MODULES = YES;
				CLANG_ENABLE_OBJC_ARC = YES;
				CLANG_ENABLE_OBJC_WEAK = YES;
				CLANG_WARN_BLOCK_CAPTURE_AUTORELEASING = YES;
				CLANG_WARN_BOOL_CONVERSION = YES;
				CLANG_WARN_COMMA = YES;
				CLANG_WARN_CONSTANT_CONVERSION = YES;
				CLANG_WARN_DEPRECATED_OBJC_IMPLEMENTATIONS = YES;
				CLANG_WARN_DIRECT_OBJC_ISA_USAGE = YES_ERROR;
				CLANG_WARN_DOCUMENTATION_COMMENTS = YES;
				CLANG_WARN_EMPTY_BODY = YES;
				CLANG_WARN_ENUM_CONVERSION = YES;
				CLANG_WARN_INFINITE_RECURSION = YES;
				CLANG_WARN_INT_CONVERSION = YES;
				CLANG_WARN_NON_LITERAL_NULL_CONVERSION = YES;
				CLANG_WARN_OBJC_IMPLICIT_RETAIN_SELF = YES;
				CLANG_WARN_OBJC_LITERAL_CONVERSION = YES;
				CLANG_WARN_OBJC_ROOT_CLASS = YES_ERROR;
				CLANG_WARN_QUOTED_INCLUDE_IN_FRAMEWORK_HEADER = YES;
				CLANG_WARN_RANGE_LOOP_ANALYSIS = YES;
				CLANG_WARN_STRICT_PROTOTYPES = YES;
				CLANG_WARN_SUSPICIOUS_MOVE = YES;
				CLANG_WARN_UNGUARDED_AVAILABILITY = YES_AGGRESSIVE;
				CLANG_WARN_UNREACHABLE_CODE = YES;
				CLANG_WARN__DUPLICATE_METHOD_MATCH = YES;
				COPY_PHASE_STRIP = NO;
				DEBUG_INFORMATION_FORMAT = "dwarf-with-dsym";
				ENABLE_NS_ASSERTIONS = NO;
				ENABLE_STRICT_OBJC_MSGSEND = YES;
				GCC_C_LANGUAGE_STANDARD = gnu11;
				GCC_NO_COMMON_BLOCKS = YES;
				GCC_WARN_64_TO_32_BIT_CONVERSION = YES;
				GCC_WARN_ABOUT_RETURN_TYPE = YES_ERROR;
				GCC_WARN_UNDECLARED_SELECTOR = YES;
				GCC_WARN_UNINITIALIZED_AUTOS = YES_AGGRESSIVE;
				GCC_WARN_UNUSED_FUNCTION = YES;
				GCC_WARN_UNUSED_VARIABLE = YES;
				MTL_ENABLE_DEBUG_INFO = NO;
				MTL_FAST_MATH = YES;
				SWIFT_COMPILATION_MODE = wholemodule;
				SWIFT_OPTIMIZATION_LEVEL = "-O";
			};
			name = Release;
		};
		4534A0A32AEBC4AD00F8D7BD /* Debug */ = {
			isa = XCBuildConfiguration;
			buildSettings = {
				ASSETCATALOG_COMPILER_APPICON_NAME = AppIcon;
				ASSETCATALOG_COMPILER_GLOBAL_ACCENT_COLOR_NAME = AccentColor;
				CODE_SIGN_ENTITLEMENTS = "Drag and Drop Emoji art/Drag_and_Drop_Emoji_art.entitlements";
				CODE_SIGN_STYLE = Automatic;
				CURRENT_PROJECT_VERSION = 1;
				DEVELOPMENT_ASSET_PATHS = "\"Drag and Drop Emoji art/Preview Content\"";
				DEVELOPMENT_TEAM = DCN4KP43VA;
				ENABLE_HARDENED_RUNTIME = YES;
				ENABLE_PREVIEWS = YES;
				GENERATE_INFOPLIST_FILE = YES;
				"INFOPLIST_KEY_UIApplicationSceneManifest_Generation[sdk=iphoneos*]" = YES;
				"INFOPLIST_KEY_UIApplicationSceneManifest_Generation[sdk=iphonesimulator*]" = YES;
				"INFOPLIST_KEY_UIApplicationSupportsIndirectInputEvents[sdk=iphoneos*]" = YES;
				"INFOPLIST_KEY_UIApplicationSupportsIndirectInputEvents[sdk=iphonesimulator*]" = YES;
				"INFOPLIST_KEY_UILaunchScreen_Generation[sdk=iphoneos*]" = YES;
				"INFOPLIST_KEY_UILaunchScreen_Generation[sdk=iphonesimulator*]" = YES;
				"INFOPLIST_KEY_UIStatusBarStyle[sdk=iphoneos*]" = UIStatusBarStyleDefault;
				"INFOPLIST_KEY_UIStatusBarStyle[sdk=iphonesimulator*]" = UIStatusBarStyleDefault;
				INFOPLIST_KEY_UISupportedInterfaceOrientations_iPad = "UIInterfaceOrientationPortrait UIInterfaceOrientationPortraitUpsideDown UIInterfaceOrientationLandscapeLeft UIInterfaceOrientationLandscapeRight";
				INFOPLIST_KEY_UISupportedInterfaceOrientations_iPhone = "UIInterfaceOrientationPortrait UIInterfaceOrientationLandscapeLeft UIInterfaceOrientationLandscapeRight";
				IPHONEOS_DEPLOYMENT_TARGET = 16.4;
				LD_RUNPATH_SEARCH_PATHS = "@executable_path/Frameworks";
				"LD_RUNPATH_SEARCH_PATHS[sdk=macosx*]" = "@executable_path/../Frameworks";
				MACOSX_DEPLOYMENT_TARGET = 13.3;
				MARKETING_VERSION = 1.0;
				PRODUCT_BUNDLE_IDENTIFIER = "Fernando-Correia.Drag-and-Drop-Emoji-art";
				PRODUCT_NAME = "$(TARGET_NAME)";
				SDKROOT = auto;
				SUPPORTED_PLATFORMS = "iphoneos iphonesimulator macosx";
				SWIFT_EMIT_LOC_STRINGS = YES;
				SWIFT_VERSION = 5.0;
				TARGETED_DEVICE_FAMILY = "1,2";
			};
			name = Debug;
		};
		4534A0A42AEBC4AD00F8D7BD /* Release */ = {
			isa = XCBuildConfiguration;
			buildSettings = {
				ASSETCATALOG_COMPILER_APPICON_NAME = AppIcon;
				ASSETCATALOG_COMPILER_GLOBAL_ACCENT_COLOR_NAME = AccentColor;
				CODE_SIGN_ENTITLEMENTS = "Drag and Drop Emoji art/Drag_and_Drop_Emoji_art.entitlements";
				CODE_SIGN_STYLE = Automatic;
				CURRENT_PROJECT_VERSION = 1;
				DEVELOPMENT_ASSET_PATHS = "\"Drag and Drop Emoji art/Preview Content\"";
				DEVELOPMENT_TEAM = DCN4KP43VA;
				ENABLE_HARDENED_RUNTIME = YES;
				ENABLE_PREVIEWS = YES;
				GENERATE_INFOPLIST_FILE = YES;
				"INFOPLIST_KEY_UIApplicationSceneManifest_Generation[sdk=iphoneos*]" = YES;
				"INFOPLIST_KEY_UIApplicationSceneManifest_Generation[sdk=iphonesimulator*]" = YES;
				"INFOPLIST_KEY_UIApplicationSupportsIndirectInputEvents[sdk=iphoneos*]" = YES;
				"INFOPLIST_KEY_UIApplicationSupportsIndirectInputEvents[sdk=iphonesimulator*]" = YES;
				"INFOPLIST_KEY_UILaunchScreen_Generation[sdk=iphoneos*]" = YES;
				"INFOPLIST_KEY_UILaunchScreen_Generation[sdk=iphonesimulator*]" = YES;
				"INFOPLIST_KEY_UIStatusBarStyle[sdk=iphoneos*]" = UIStatusBarStyleDefault;
				"INFOPLIST_KEY_UIStatusBarStyle[sdk=iphonesimulator*]" = UIStatusBarStyleDefault;
				INFOPLIST_KEY_UISupportedInterfaceOrientations_iPad = "UIInterfaceOrientationPortrait UIInterfaceOrientationPortraitUpsideDown UIInterfaceOrientationLandscapeLeft UIInterfaceOrientationLandscapeRight";
				INFOPLIST_KEY_UISupportedInterfaceOrientations_iPhone = "UIInterfaceOrientationPortrait UIInterfaceOrientationLandscapeLeft UIInterfaceOrientationLandscapeRight";
				IPHONEOS_DEPLOYMENT_TARGET = 16.4;
				LD_RUNPATH_SEARCH_PATHS = "@executable_path/Frameworks";
				"LD_RUNPATH_SEARCH_PATHS[sdk=macosx*]" = "@executable_path/../Frameworks";
				MACOSX_DEPLOYMENT_TARGET = 13.3;
				MARKETING_VERSION = 1.0;
				PRODUCT_BUNDLE_IDENTIFIER = "Fernando-Correia.Drag-and-Drop-Emoji-art";
				PRODUCT_NAME = "$(TARGET_NAME)";
				SDKROOT = auto;
				SUPPORTED_PLATFORMS = "iphoneos iphonesimulator macosx";
				SWIFT_EMIT_LOC_STRINGS = YES;
				SWIFT_VERSION = 5.0;
				TARGETED_DEVICE_FAMILY = "1,2";
			};
			name = Release;
		};
		4534A0A62AEBC4AD00F8D7BD /* Debug */ = {
			isa = XCBuildConfiguration;
			buildSettings = {
				ALWAYS_EMBED_SWIFT_STANDARD_LIBRARIES = YES;
				BUNDLE_LOADER = "$(TEST_HOST)";
				CODE_SIGN_STYLE = Automatic;
				CURRENT_PROJECT_VERSION = 1;
				DEVELOPMENT_TEAM = DCN4KP43VA;
				GENERATE_INFOPLIST_FILE = YES;
				IPHONEOS_DEPLOYMENT_TARGET = 16.4;
				MACOSX_DEPLOYMENT_TARGET = 13.3;
				MARKETING_VERSION = 1.0;
				PRODUCT_BUNDLE_IDENTIFIER = "Fernando-Correia.Drag-and-Drop-Emoji-artTests";
				PRODUCT_NAME = "$(TARGET_NAME)";
				SDKROOT = auto;
				SUPPORTED_PLATFORMS = "iphoneos iphonesimulator macosx";
				SWIFT_EMIT_LOC_STRINGS = NO;
				SWIFT_VERSION = 5.0;
				TARGETED_DEVICE_FAMILY = "1,2";
				TEST_HOST = "$(BUILT_PRODUCTS_DIR)/Drag and Drop Emoji art.app/$(BUNDLE_EXECUTABLE_FOLDER_PATH)/Drag and Drop Emoji art";
			};
			name = Debug;
		};
		4534A0A72AEBC4AD00F8D7BD /* Release */ = {
			isa = XCBuildConfiguration;
			buildSettings = {
				ALWAYS_EMBED_SWIFT_STANDARD_LIBRARIES = YES;
				BUNDLE_LOADER = "$(TEST_HOST)";
				CODE_SIGN_STYLE = Automatic;
				CURRENT_PROJECT_VERSION = 1;
				DEVELOPMENT_TEAM = DCN4KP43VA;
				GENERATE_INFOPLIST_FILE = YES;
				IPHONEOS_DEPLOYMENT_TARGET = 16.4;
				MACOSX_DEPLOYMENT_TARGET = 13.3;
				MARKETING_VERSION = 1.0;
				PRODUCT_BUNDLE_IDENTIFIER = "Fernando-Correia.Drag-and-Drop-Emoji-artTests";
				PRODUCT_NAME = "$(TARGET_NAME)";
				SDKROOT = auto;
				SUPPORTED_PLATFORMS = "iphoneos iphonesimulator macosx";
				SWIFT_EMIT_LOC_STRINGS = NO;
				SWIFT_VERSION = 5.0;
				TARGETED_DEVICE_FAMILY = "1,2";
				TEST_HOST = "$(BUILT_PRODUCTS_DIR)/Drag and Drop Emoji art.app/$(BUNDLE_EXECUTABLE_FOLDER_PATH)/Drag and Drop Emoji art";
			};
			name = Release;
		};
		4534A0A92AEBC4AD00F8D7BD /* Debug */ = {
			isa = XCBuildConfiguration;
			buildSettings = {
				ALWAYS_EMBED_SWIFT_STANDARD_LIBRARIES = YES;
				CODE_SIGN_STYLE = Automatic;
				CURRENT_PROJECT_VERSION = 1;
				DEVELOPMENT_TEAM = DCN4KP43VA;
				GENERATE_INFOPLIST_FILE = YES;
				IPHONEOS_DEPLOYMENT_TARGET = 16.4;
				MACOSX_DEPLOYMENT_TARGET = 13.3;
				MARKETING_VERSION = 1.0;
				PRODUCT_BUNDLE_IDENTIFIER = "Fernando-Correia.Drag-and-Drop-Emoji-artUITests";
				PRODUCT_NAME = "$(TARGET_NAME)";
				SDKROOT = auto;
				SUPPORTED_PLATFORMS = "iphoneos iphonesimulator macosx";
				SWIFT_EMIT_LOC_STRINGS = NO;
				SWIFT_VERSION = 5.0;
				TARGETED_DEVICE_FAMILY = "1,2";
				TEST_TARGET_NAME = "Drag and Drop Emoji art";
			};
			name = Debug;
		};
		4534A0AA2AEBC4AD00F8D7BD /* Release */ = {
			isa = XCBuildConfiguration;
			buildSettings = {
				ALWAYS_EMBED_SWIFT_STANDARD_LIBRARIES = YES;
				CODE_SIGN_STYLE = Automatic;
				CURRENT_PROJECT_VERSION = 1;
				DEVELOPMENT_TEAM = DCN4KP43VA;
				GENERATE_INFOPLIST_FILE = YES;
				IPHONEOS_DEPLOYMENT_TARGET = 16.4;
				MACOSX_DEPLOYMENT_TARGET = 13.3;
				MARKETING_VERSION = 1.0;
				PRODUCT_BUNDLE_IDENTIFIER = "Fernando-Correia.Drag-and-Drop-Emoji-artUITests";
				PRODUCT_NAME = "$(TARGET_NAME)";
				SDKROOT = auto;
				SUPPORTED_PLATFORMS = "iphoneos iphonesimulator macosx";
				SWIFT_EMIT_LOC_STRINGS = NO;
				SWIFT_VERSION = 5.0;
				TARGETED_DEVICE_FAMILY = "1,2";
				TEST_TARGET_NAME = "Drag and Drop Emoji art";
			};
			name = Release;
		};
/* End XCBuildConfiguration section */

/* Begin XCConfigurationList section */
		4534A0782AEBC4AC00F8D7BD /* Build configuration list for PBXProject "Drag and Drop Emoji art" */ = {
			isa = XCConfigurationList;
			buildConfigurations = (
				4534A0A02AEBC4AD00F8D7BD /* Debug */,
				4534A0A12AEBC4AD00F8D7BD /* Release */,
			);
			defaultConfigurationIsVisible = 0;
			defaultConfigurationName = Release;
		};
		4534A0A22AEBC4AD00F8D7BD /* Build configuration list for PBXNativeTarget "Drag and Drop Emoji art" */ = {
			isa = XCConfigurationList;
			buildConfigurations = (
				4534A0A32AEBC4AD00F8D7BD /* Debug */,
				4534A0A42AEBC4AD00F8D7BD /* Release */,
			);
			defaultConfigurationIsVisible = 0;
			defaultConfigurationName = Release;
		};
		4534A0A52AEBC4AD00F8D7BD /* Build configuration list for PBXNativeTarget "Drag and Drop Emoji artTests" */ = {
			isa = XCConfigurationList;
			buildConfigurations = (
				4534A0A62AEBC4AD00F8D7BD /* Debug */,
				4534A0A72AEBC4AD00F8D7BD /* Release */,
			);
			defaultConfigurationIsVisible = 0;
			defaultConfigurationName = Release;
		};
		4534A0A82AEBC4AD00F8D7BD /* Build configuration list for PBXNativeTarget "Drag and Drop Emoji artUITests" */ = {
			isa = XCConfigurationList;
			buildConfigurations = (
				4534A0A92AEBC4AD00F8D7BD /* Debug */,
				4534A0AA2AEBC4AD00F8D7BD /* Release */,
			);
			defaultConfigurationIsVisible = 0;
			defaultConfigurationName = Release;
		};
/* End XCConfigurationList section */
	};
	rootObject = 4534A0752AEBC4AC00F8D7BD /* Project object */;
}
